
Microsoft Visual Studio Solution File, Format Version 12.00
# Visual Studio Version 17
VisualStudioVersion = 17.2.32526.322
MinimumVisualStudioVersion = 10.0.40219.1
Project("{FAE04EC0-301F-11D3-BF4B-00C04F79EFBC}") = "CurrencyCalculatorClient", "CurrencyCalculatorClient\CurrencyCalculatorClient.csproj", "{239B01B1-F2AD-4880-A0BB-DBA609BA19CA}"
EndProject
Global
	GlobalSection(SolutionConfigurationPlatforms) = preSolution
		Debug|Any CPU = Debug|Any CPU
		Release|Any CPU = Release|Any CPU
	EndGlobalSection
	GlobalSection(ProjectConfigurationPlatforms) = postSolution
		{239B01B1-F2AD-4880-A0BB-DBA609BA19CA}.Debug|Any CPU.ActiveCfg = Debug|Any CPU
		{239B01B1-F2AD-4880-A0BB-DBA609BA19CA}.Debug|Any CPU.Build.0 = Debug|Any CPU
		{239B01B1-F2AD-4880-A0BB-DBA609BA19CA}.Release|Any CPU.ActiveCfg = Release|Any CPU
		{239B01B1-F2AD-4880-A0BB-DBA609BA19CA}.Release|Any CPU.Build.0 = Release|Any CPU
	EndGlobalSection
	GlobalSection(SolutionProperties) = preSolution
		HideSolutionNode = FALSE
	EndGlobalSection
	GlobalSection(ExtensibilityGlobals) = postSolution
		SolutionGuid = {5A13F664-C6C6-46E9-A6E5-503323DE64B2}
	EndGlobalSection
EndGlobal
